
Microsoft Visual Studio Solution File, Format Version 12.00
# Visual Studio Version 16
VisualStudioVersion = 16.0.30420.98
MinimumVisualStudioVersion = 10.0.40219.1
Project("{FAE04EC0-301F-11D3-BF4B-00C04F79EFBC}") = "ConfToolAndMore.Server", "ConfToolAndMore\Server\ConfToolAndMore.Server.csproj", "{479A2E7E-9323-4C97-8806-ACAC5BB800BB}"
EndProject
Project("{FAE04EC0-301F-11D3-BF4B-00C04F79EFBC}") = "ConfToolAndMore.Client", "ConfToolAndMore\Client\ConfToolAndMore.Client.csproj", "{926BEFBD-2DC6-40C3-8271-5B60F00097FE}"
EndProject
Project("{FAE04EC0-301F-11D3-BF4B-00C04F79EFBC}") = "ConfToolAndMore.Shared", "ConfToolAndMore\Shared\ConfToolAndMore.Shared.csproj", "{4305AE42-F124-4B5D-A56A-D4C389B39151}"
EndProject
Global
	GlobalSection(SolutionConfigurationPlatforms) = preSolution
		Debug|Any CPU = Debug|Any CPU
		Release|Any CPU = Release|Any CPU
	EndGlobalSection
	GlobalSection(ProjectConfigurationPlatforms) = postSolution
		{479A2E7E-9323-4C97-8806-ACAC5BB800BB}.Debug|Any CPU.ActiveCfg = Debug|Any CPU
		{479A2E7E-9323-4C97-8806-ACAC5BB800BB}.Debug|Any CPU.Build.0 = Debug|Any CPU
		{479A2E7E-9323-4C97-8806-ACAC5BB800BB}.Release|Any CPU.ActiveCfg = Release|Any CPU
		{479A2E7E-9323-4C97-8806-ACAC5BB800BB}.Release|Any CPU.Build.0 = Release|Any CPU
		{926BEFBD-2DC6-40C3-8271-5B60F00097FE}.Debug|Any CPU.ActiveCfg = Debug|Any CPU
		{926BEFBD-2DC6-40C3-8271-5B60F00097FE}.Debug|Any CPU.Build.0 = Debug|Any CPU
		{926BEFBD-2DC6-40C3-8271-5B60F00097FE}.Release|Any CPU.ActiveCfg = Release|Any CPU
		{926BEFBD-2DC6-40C3-8271-5B60F00097FE}.Release|Any CPU.Build.0 = Release|Any CPU
		{4305AE42-F124-4B5D-A56A-D4C389B39151}.Debug|Any CPU.ActiveCfg = Debug|Any CPU
		{4305AE42-F124-4B5D-A56A-D4C389B39151}.Debug|Any CPU.Build.0 = Debug|Any CPU
		{4305AE42-F124-4B5D-A56A-D4C389B39151}.Release|Any CPU.ActiveCfg = Release|Any CPU
		{4305AE42-F124-4B5D-A56A-D4C389B39151}.Release|Any CPU.Build.0 = Release|Any CPU
	EndGlobalSection
	GlobalSection(SolutionProperties) = preSolution
		HideSolutionNode = FALSE
	EndGlobalSection
	GlobalSection(ExtensibilityGlobals) = postSolution
		SolutionGuid = {BAA888FA-34D8-426C-B65E-CC46DCCCDB95}
	EndGlobalSection
EndGlobal
